
Microsoft Visual Studio Solution File, Format Version 11.00
# Visual Studio 2010
Project("{FAE04EC0-301F-11D3-BF4B-00C04F79EFBC}") = "ValueInjecter.Silverlight", "ValueInjecter.Silverlight\ValueInjecter.Silverlight.csproj", "{C6C554DD-C750-45F1-985E-07CD8CBC8830}"
EndProject
Project("{FAE04EC0-301F-11D3-BF4B-00C04F79EFBC}") = "SilverlightSample", "SilverlightSample\SilverlightSample.csproj", "{4E674F8C-94BE-4B38-BB22-BF78FE70DD20}"
EndProject
Project("{FAE04EC0-301F-11D3-BF4B-00C04F79EFBC}") = "SilverlightSample.Web", "SilverlightSample.Web\SilverlightSample.Web.csproj", "{8D9D16CA-5F40-4825-A6E5-FF8A03F35D96}"
EndProject
Project("{FAE04EC0-301F-11D3-BF4B-00C04F79EFBC}") = "TestConsole", "TestConsole\TestConsole.csproj", "{3F94CD03-C541-44CE-B3F5-4B8D0226CE6A}"
EndProject
Global
	GlobalSection(SolutionConfigurationPlatforms) = preSolution
		Debug|Any CPU = Debug|Any CPU
		Debug|Mixed Platforms = Debug|Mixed Platforms
		Debug|x86 = Debug|x86
		Release|Any CPU = Release|Any CPU
		Release|Mixed Platforms = Release|Mixed Platforms
		Release|x86 = Release|x86
	EndGlobalSection
	GlobalSection(ProjectConfigurationPlatforms) = postSolution
		{C6C554DD-C750-45F1-985E-07CD8CBC8830}.Debug|Any CPU.ActiveCfg = Debug|Any CPU
		{C6C554DD-C750-45F1-985E-07CD8CBC8830}.Debug|Any CPU.Build.0 = Debug|Any CPU
		{C6C554DD-C750-45F1-985E-07CD8CBC8830}.Debug|Mixed Platforms.ActiveCfg = Debug|Any CPU
		{C6C554DD-C750-45F1-985E-07CD8CBC8830}.Debug|Mixed Platforms.Build.0 = Debug|Any CPU
		{C6C554DD-C750-45F1-985E-07CD8CBC8830}.Debug|x86.ActiveCfg = Debug|Any CPU
		{C6C554DD-C750-45F1-985E-07CD8CBC8830}.Release|Any CPU.ActiveCfg = Release|Any CPU
		{C6C554DD-C750-45F1-985E-07CD8CBC8830}.Release|Any CPU.Build.0 = Release|Any CPU
		{C6C554DD-C750-45F1-985E-07CD8CBC8830}.Release|Mixed Platforms.ActiveCfg = Release|Any CPU
		{C6C554DD-C750-45F1-985E-07CD8CBC8830}.Release|Mixed Platforms.Build.0 = Release|Any CPU
		{C6C554DD-C750-45F1-985E-07CD8CBC8830}.Release|x86.ActiveCfg = Release|Any CPU
		{4E674F8C-94BE-4B38-BB22-BF78FE70DD20}.Debug|Any CPU.ActiveCfg = Debug|Any CPU
		{4E674F8C-94BE-4B38-BB22-BF78FE70DD20}.Debug|Any CPU.Build.0 = Debug|Any CPU
		{4E674F8C-94BE-4B38-BB22-BF78FE70DD20}.Debug|Mixed Platforms.ActiveCfg = Debug|Any CPU
		{4E674F8C-94BE-4B38-BB22-BF78FE70DD20}.Debug|Mixed Platforms.Build.0 = Debug|Any CPU
		{4E674F8C-94BE-4B38-BB22-BF78FE70DD20}.Debug|x86.ActiveCfg = Debug|Any CPU
		{4E674F8C-94BE-4B38-BB22-BF78FE70DD20}.Release|Any CPU.ActiveCfg = Release|Any CPU
		{4E674F8C-94BE-4B38-BB22-BF78FE70DD20}.Release|Any CPU.Build.0 = Release|Any CPU
		{4E674F8C-94BE-4B38-BB22-BF78FE70DD20}.Release|Mixed Platforms.ActiveCfg = Release|Any CPU
		{4E674F8C-94BE-4B38-BB22-BF78FE70DD20}.Release|Mixed Platforms.Build.0 = Release|Any CPU
		{4E674F8C-94BE-4B38-BB22-BF78FE70DD20}.Release|x86.ActiveCfg = Release|Any CPU
		{8D9D16CA-5F40-4825-A6E5-FF8A03F35D96}.Debug|Any CPU.ActiveCfg = Debug|Any CPU
		{8D9D16CA-5F40-4825-A6E5-FF8A03F35D96}.Debug|Any CPU.Build.0 = Debug|Any CPU
		{8D9D16CA-5F40-4825-A6E5-FF8A03F35D96}.Debug|Mixed Platforms.ActiveCfg = Debug|Any CPU
		{8D9D16CA-5F40-4825-A6E5-FF8A03F35D96}.Debug|Mixed Platforms.Build.0 = Debug|Any CPU
		{8D9D16CA-5F40-4825-A6E5-FF8A03F35D96}.Debug|x86.ActiveCfg = Debug|Any CPU
		{8D9D16CA-5F40-4825-A6E5-FF8A03F35D96}.Release|Any CPU.ActiveCfg = Release|Any CPU
		{8D9D16CA-5F40-4825-A6E5-FF8A03F35D96}.Release|Any CPU.Build.0 = Release|Any CPU
		{8D9D16CA-5F40-4825-A6E5-FF8A03F35D96}.Release|Mixed Platforms.ActiveCfg = Release|Any CPU
		{8D9D16CA-5F40-4825-A6E5-FF8A03F35D96}.Release|Mixed Platforms.Build.0 = Release|Any CPU
		{8D9D16CA-5F40-4825-A6E5-FF8A03F35D96}.Release|x86.ActiveCfg = Release|Any CPU
		{3F94CD03-C541-44CE-B3F5-4B8D0226CE6A}.Debug|Any CPU.ActiveCfg = Debug|x86
		{3F94CD03-C541-44CE-B3F5-4B8D0226CE6A}.Debug|Mixed Platforms.ActiveCfg = Debug|x86
		{3F94CD03-C541-44CE-B3F5-4B8D0226CE6A}.Debug|Mixed Platforms.Build.0 = Debug|x86
		{3F94CD03-C541-44CE-B3F5-4B8D0226CE6A}.Debug|x86.ActiveCfg = Debug|x86
		{3F94CD03-C541-44CE-B3F5-4B8D0226CE6A}.Debug|x86.Build.0 = Debug|x86
		{3F94CD03-C541-44CE-B3F5-4B8D0226CE6A}.Release|Any CPU.ActiveCfg = Release|x86
		{3F94CD03-C541-44CE-B3F5-4B8D0226CE6A}.Release|Mixed Platforms.ActiveCfg = Release|x86
		{3F94CD03-C541-44CE-B3F5-4B8D0226CE6A}.Release|Mixed Platforms.Build.0 = Release|x86
		{3F94CD03-C541-44CE-B3F5-4B8D0226CE6A}.Release|x86.ActiveCfg = Release|x86
		{3F94CD03-C541-44CE-B3F5-4B8D0226CE6A}.Release|x86.Build.0 = Release|x86
	EndGlobalSection
	GlobalSection(SolutionProperties) = preSolution
		HideSolutionNode = FALSE
	EndGlobalSection
EndGlobal
